{
  "name": "project-seed",
  "version": "1.0.0",
  "lockfileVersion": 1,
  "requires": true,
  "dependencies": {
    "asap": {
      "version": "2.0.6",
      "resolved": "https://registry.npmjs.org/asap/-/asap-2.0.6.tgz",
      "integrity": "sha1-5QNHYR1+aQlDIIu9r+vLwvuGbUY="
    },
    "chain-function": {
      "version": "1.0.1",
      "resolved": "https://registry.npmjs.org/chain-function/-/chain-function-1.0.1.tgz",
      "integrity": "sha512-SxltgMwL9uCko5/ZCLiyG2B7R9fY4pDZUw7hJ4MhirdjBLosoDqkWABi3XMucddHdLiFJMb7PD2MZifZriuMTg=="
    },
    "computed-style": {
      "version": "0.1.4",
      "resolved": "https://registry.npmjs.org/computed-style/-/computed-style-0.1.4.tgz",
      "integrity": "sha1-fzRP2FhLLkJb7cpKGvwOMAuwXXQ="
    },
    "core-js": {
      "version": "1.2.7",
      "resolved": "https://registry.npmjs.org/core-js/-/core-js-1.2.7.tgz",
      "integrity": "sha1-ZSKUwUZR2yj6k70tX/KYOk8IxjY="
    },
    "create-react-class": {
      "version": "15.6.3",
      "resolved": "https://registry.npmjs.org/create-react-class/-/create-react-class-15.6.3.tgz",
      "integrity": "sha512-M+/3Q6E6DLO6Yx3OwrWjwHBnvfXXYA7W+dFjt/ZDBemHO1DDZhsalX/NUtnTYclN6GfnBDRh4qRHjcDHmlJBJg==",
      "requires": {
        "fbjs": "0.8.17",
        "loose-envify": "1.4.0",
        "object-assign": "4.1.1"
      }
    },
    "dom-helpers": {
      "version": "3.3.1",
      "resolved": "https://registry.npmjs.org/dom-helpers/-/dom-helpers-3.3.1.tgz",
      "integrity": "sha512-2Sm+JaYn74OiTM2wHvxJOo3roiq/h25Yi69Fqk269cNUwIXsCvATB6CRSFC9Am/20G2b28hGv/+7NiWydIrPvg=="
    },
    "encoding": {
      "version": "0.1.12",
      "resolved": "https://registry.npmjs.org/encoding/-/encoding-0.1.12.tgz",
      "integrity": "sha1-U4tm8+5izRq1HsMjgp0flIDHS+s=",
      "requires": {
        "iconv-lite": "0.4.24"
      }
    },
    "fbjs": {
      "version": "0.8.17",
      "resolved": "https://registry.npmjs.org/fbjs/-/fbjs-0.8.17.tgz",
      "integrity": "sha1-xNWY6taUkRJlPWWIsBpc3Nn5D90=",
      "requires": {
        "core-js": "1.2.7",
        "isomorphic-fetch": "2.2.1",
        "loose-envify": "1.4.0",
        "object-assign": "4.1.1",
        "promise": "7.3.1",
        "setimmediate": "1.0.5",
        "ua-parser-js": "0.7.18"
      }
    },
    "iconv-lite": {
      "version": "0.4.24",
      "resolved": "https://registry.npmjs.org/iconv-lite/-/iconv-lite-0.4.24.tgz",
      "integrity": "sha512-v3MXnZAcvnywkTUEZomIActle7RXXeedOR31wwl7VlyoXO4Qi9arvSenNQWne1TcRwhCL1HwLI21bEqdpj8/rA==",
      "requires": {
        "safer-buffer": "2.1.2"
      }
    },
    "is-stream": {
      "version": "1.1.0",
      "resolved": "https://registry.npmjs.org/is-stream/-/is-stream-1.1.0.tgz",
      "integrity": "sha1-EtSj3U5o4Lec6428hBc66A2RykQ="
    },
    "isomorphic-fetch": {
      "version": "2.2.1",
      "resolved": "https://registry.npmjs.org/isomorphic-fetch/-/isomorphic-fetch-2.2.1.tgz",
      "integrity": "sha1-YRrhrPFPXoH3KVB0coGf6XM1WKk=",
      "requires": {
        "node-fetch": "1.7.3",
        "whatwg-fetch": "2.0.4"
      }
    },
    "js-tokens": {
      "version": "4.0.0",
      "resolved": "https://registry.npmjs.org/js-tokens/-/js-tokens-4.0.0.tgz",
      "integrity": "sha512-RdJUflcE3cUzKiMqQgsCu06FPu9UdIJO0beYbPhHN4k6apgJtifcoCtT9bcxOpYBtpD2kCM6Sbzg4CausW/PKQ=="
    },
    "line-height": {
      "version": "0.1.1",
      "resolved": "https://registry.npmjs.org/line-height/-/line-height-0.1.1.tgz",
      "integrity": "sha1-6GcF+/Cm9QYHrtZVANadstnbN+I=",
      "requires": {
        "computed-style": "0.1.4"
      }
    },
    "loose-envify": {
      "version": "1.4.0",
      "resolved": "https://registry.npmjs.org/loose-envify/-/loose-envify-1.4.0.tgz",
      "integrity": "sha512-lyuxPGr/Wfhrlem2CL/UcnUc1zcqKAImBDzukY7Y5F/yQiNdko6+fRLevlw1HgMySw7f611UIY408EtxRSoK3Q==",
      "requires": {
        "js-tokens": "4.0.0"
      }
    },
    "node-fetch": {
      "version": "1.7.3",
      "resolved": "https://registry.npmjs.org/node-fetch/-/node-fetch-1.7.3.tgz",
      "integrity": "sha512-NhZ4CsKx7cYm2vSrBAr2PvFOe6sWDf0UYLRqA6svUYg7+/TSfVAu49jYC4BvQ4Sms9SZgdqGBgroqfDhJdTyKQ==",
      "requires": {
        "encoding": "0.1.12",
        "is-stream": "1.1.0"
      }
    },
    "object-assign": {
      "version": "4.1.1",
      "resolved": "https://registry.npmjs.org/object-assign/-/object-assign-4.1.1.tgz",
      "integrity": "sha1-IQmtx5ZYh8/AXLvUQsrIv7s2CGM="
    },
    "performance-now": {
      "version": "0.2.0",
      "resolved": "https://registry.npmjs.org/performance-now/-/performance-now-0.2.0.tgz",
      "integrity": "sha1-M+8wxcd9TqIcWlOGnZG1bY8lVeU="
    },
    "promise": {
      "version": "7.3.1",
      "resolved": "https://registry.npmjs.org/promise/-/promise-7.3.1.tgz",
      "integrity": "sha512-nolQXZ/4L+bP/UGlkfaIujX9BKxGwmQ9OT4mOt5yvy8iK1h3wqTEJCijzGANTCCl9nWjY41juyAn2K3Q1hLLTg==",
      "requires": {
        "asap": "2.0.6"
      }
    },
    "prop-types": {
      "version": "15.6.2",
      "resolved": "https://registry.npmjs.org/prop-types/-/prop-types-15.6.2.tgz",
      "integrity": "sha512-3pboPvLiWD7dkI3qf3KbUe6hKFKa52w+AE0VCqECtf+QHAKgOL37tTaNCnuX1nAAQ4ZhyP+kYVKf8rLmJ/feDQ==",
      "requires": {
        "loose-envify": "1.4.0",
        "object-assign": "4.1.1"
      }
    },
    "raf": {
      "version": "3.4.0",
      "resolved": "https://registry.npmjs.org/raf/-/raf-3.4.0.tgz",
      "integrity": "sha512-pDP/NMRAXoTfrhCfyfSEwJAKLaxBU9eApMeBPB1TkDouZmvPerIClV8lTAd+uF8ZiTaVl69e1FCxQrAd/VTjGw==",
      "requires": {
        "performance-now": "2.1.0"
      },
      "dependencies": {
        "performance-now": {
          "version": "2.1.0",
          "resolved": "https://registry.npmjs.org/performance-now/-/performance-now-2.1.0.tgz",
          "integrity": "sha1-Ywn04OX6kT7BxpMHrjZLSzd8nns="
        }
      }
    },
    "react-addons-css-transition-group": {
      "version": "15.6.2",
      "resolved": "https://registry.npmjs.org/react-addons-css-transition-group/-/react-addons-css-transition-group-15.6.2.tgz",
      "integrity": "sha1-nkN2vPQLUhfRTsaFUwgc7ksIptY=",
      "requires": {
        "react-transition-group": "1.2.1"
      }
    },
    "react-motion": {
      "version": "0.4.8",
      "resolved": "https://registry.npmjs.org/react-motion/-/react-motion-0.4.8.tgz",
      "integrity": "sha1-I7st0nwtjgDSKeRVctEF789Ao14=",
      "requires": {
        "create-react-class": "15.6.3",
        "performance-now": "0.2.0",
        "prop-types": "15.6.2",
        "raf": "3.4.0"
      }
    },
    "react-scrollbar": {
      "version": "git+https://github.com/danielfdsilva/reactScrollbar.git#3c3976fc82359c1b46bace48d89ce716ba748dca",
      "requires": {
        "line-height": "0.1.1",
        "react": "15.6.2",
        "react-motion": "0.4.8"
      },
      "dependencies": {
        "react": {
          "version": "15.6.2",
          "resolved": "https://registry.npmjs.org/react/-/react-15.6.2.tgz",
          "integrity": "sha1-26BDSrQ5z+gvEI8PURZjkIF5qnI=",
          "requires": {
            "create-react-class": "15.6.3",
            "fbjs": "0.8.17",
            "loose-envify": "1.4.0",
            "object-assign": "4.1.1",
            "prop-types": "15.6.2"
          }
        }
      }
    },
    "react-tether": {
      "version": "0.5.7",
      "resolved": "https://registry.npmjs.org/react-tether/-/react-tether-0.5.7.tgz",
      "integrity": "sha1-QY6mEEG2W5WCcUeEibcaNXLwFCI=",
      "requires": {
        "prop-types": "15.6.2",
        "tether": "1.4.4"
      }
    },
    "react-transition-group": {
      "version": "1.2.1",
      "resolved": "https://registry.npmjs.org/react-transition-group/-/react-transition-group-1.2.1.tgz",
      "integrity": "sha512-CWaL3laCmgAFdxdKbhhps+c0HRGF4c+hdM4H23+FI1QBNUyx/AMeIJGWorehPNSaKnQNOAxL7PQmqMu78CDj3Q==",
      "requires": {
        "chain-function": "1.0.1",
        "dom-helpers": "3.3.1",
        "loose-envify": "1.4.0",
        "prop-types": "15.6.2",
        "warning": "3.0.0"
      }
    },
    "safer-buffer": {
      "version": "2.1.2",
      "resolved": "https://registry.npmjs.org/safer-buffer/-/safer-buffer-2.1.2.tgz",
      "integrity": "sha512-YZo3K82SD7Riyi0E1EQPojLz7kpepnSQI9IyPbHHg1XXXevb5dJI7tpyN2ADxGcQbHG7vcyRHk0cbwqcQriUtg=="
    },
    "setimmediate": {
      "version": "1.0.5",
      "resolved": "https://registry.npmjs.org/setimmediate/-/setimmediate-1.0.5.tgz",
      "integrity": "sha1-KQy7Iy4waULX1+qbg3Mqt4VvgoU="
    },
    "tether": {
      "version": "1.4.4",
      "resolved": "https://registry.npmjs.org/tether/-/tether-1.4.4.tgz",
      "integrity": "sha512-bagKeRRo3vEynHnO3GB7/jB3Q4YIf0mN7gXM/nR0wZvNHkPrwmZemg1w0C32JZP0prHZUwxGwoX5CdA7tuIDEw=="
    },
    "ua-parser-js": {
      "version": "0.7.18",
      "resolved": "https://registry.npmjs.org/ua-parser-js/-/ua-parser-js-0.7.18.tgz",
      "integrity": "sha512-LtzwHlVHwFGTptfNSgezHp7WUlwiqb0gA9AALRbKaERfxwJoiX0A73QbTToxteIAuIaFshhgIZfqK8s7clqgnA=="
    },
    "ui-seed": {
      "version": "git+ssh://git@github.com/developmentseed/ui-seed.git#073d9c151784ee419c38ec18435319055815a381",
      "requires": {
        "react": "16.4.2",
        "react-addons-css-transition-group": "15.6.2",
        "react-dom": "16.4.2",
        "react-scrollbar": "git+https://github.com/danielfdsilva/reactScrollbar.git#3c3976fc82359c1b46bace48d89ce716ba748dca",
        "react-tether": "0.5.7"
      },
      "dependencies": {
        "react": {
          "version": "16.4.2",
          "resolved": "https://registry.npmjs.org/react/-/react-16.4.2.tgz",
          "integrity": "sha512-dMv7YrbxO4y2aqnvA7f/ik9ibeLSHQJTI6TrYAenPSaQ6OXfb+Oti+oJiy8WBxgRzlKatYqtCjphTgDSCEiWFg==",
          "requires": {
            "fbjs": "0.8.17",
            "loose-envify": "1.4.0",
            "object-assign": "4.1.1",
            "prop-types": "15.6.2"
          }
        },
        "react-dom": {
          "version": "16.4.2",
          "resolved": "https://registry.npmjs.org/react-dom/-/react-dom-16.4.2.tgz",
          "integrity": "sha512-Usl73nQqzvmJN+89r97zmeUpQDKDlh58eX6Hbs/ERdDHzeBzWy+ENk7fsGQ+5KxArV1iOFPT46/VneklK9zoWw==",
          "requires": {
            "fbjs": "0.8.17",
            "loose-envify": "1.4.0",
            "object-assign": "4.1.1",
            "prop-types": "15.6.2"
          }
        }
      }
    },
    "warning": {
      "version": "3.0.0",
      "resolved": "https://registry.npmjs.org/warning/-/warning-3.0.0.tgz",
      "integrity": "sha1-MuU3fLVy3kqwR1O9+IIcAe1gW3w=",
      "requires": {
        "loose-envify": "1.4.0"
      }
    },
    "whatwg-fetch": {
      "version": "2.0.4",
      "resolved": "https://registry.npmjs.org/whatwg-fetch/-/whatwg-fetch-2.0.4.tgz",
      "integrity": "sha512-dcQ1GWpOD/eEQ97k66aiEVpNnapVj90/+R+SXTPYGHpYBBypfKJEQjLrvMZ7YXbKm21gXd4NcuxUTjiv1YtLng=="
    }
  }
}
